// !$*UTF8*$!
{
	archiveVersion = 1;
	classes = {
	};
	objectVersion = 50;
	objects = {

/* Begin PBXBuildFile section */
		ABBA021726AFE7C500C3F686 /* main.cpp in Sources */ = {isa = PBXBuildFile; fileRef = ABBA021626AFE7C500C3F686 /* main.cpp */; };
		ABBA021F26AFE83600C3F686 /* libGLEW.dylib in Frameworks */ = {isa = PBXBuildFile; fileRef = ABBA021E26AFE83600C3F686 /* libGLEW.dylib */; };
		ABBA022126AFE83A00C3F686 /* libglfw.dylib in Frameworks */ = {isa = PBXBuildFile; fileRef = ABBA022026AFE83A00C3F686 /* libglfw.dylib */; };
		ABBA022326AFE8BF00C3F686 /* glad.c in Sources */ = {isa = PBXBuildFile; fileRef = ABBA022226AFE8BF00C3F686 /* glad.c */; };
		ABBA022826AFE93000C3F686 /* Camera.cpp in Sources */ = {isa = PBXBuildFile; fileRef = ABBA022526AFE93000C3F686 /* Camera.cpp */; };
/* End PBXBuildFile section */

/* Begin PBXCopyFilesBuildPhase section */
		ABBA021126AFE7C500C3F686 /* CopyFiles */ = {
			isa = PBXCopyFilesBuildPhase;
			buildActionMask = 2147483647;
			dstPath = /usr/share/man/man1/;
			dstSubfolderSpec = 0;
			files = (
			);
			runOnlyForDeploymentPostprocessing = 1;
		};
/* End PBXCopyFilesBuildPhase section */

/* Begin PBXFileReference section */
		AB62241226AFEB5A00767D53 /* SingleFragmentShader.cpp */ = {isa = PBXFileReference; lastKnownFileType = sourcecode.cpp.cpp; path = SingleFragmentShader.cpp; sourceTree = "<group>"; };
		AB62241326AFF3A500767D53 /* SingleVertexShader.cpp */ = {isa = PBXFileReference; lastKnownFileType = sourcecode.cpp.cpp; path = SingleVertexShader.cpp; sourceTree = "<group>"; };
		ABBA021326AFE7C500C3F686 /* OpenGL_Test11_StencilTest */ = {isa = PBXFileReference; explicitFileType = "compiled.mach-o.executable"; includeInIndex = 0; path = OpenGL_Test11_StencilTest; sourceTree = BUILT_PRODUCTS_DIR; };
		ABBA021626AFE7C500C3F686 /* main.cpp */ = {isa = PBXFileReference; lastKnownFileType = sourcecode.cpp.cpp; path = main.cpp; sourceTree = "<group>"; };
		ABBA021E26AFE83600C3F686 /* libGLEW.dylib */ = {isa = PBXFileReference; lastKnownFileType = "compiled.mach-o.dylib"; name = libGLEW.dylib; path = ../../../glew/2.2.0_1/lib/libGLEW.dylib; sourceTree = "<group>"; };
		ABBA022026AFE83A00C3F686 /* libglfw.dylib */ = {isa = PBXFileReference; lastKnownFileType = "compiled.mach-o.dylib"; name = libglfw.dylib; path = ../../../glfw/3.3.4/lib/libglfw.dylib; sourceTree = "<group>"; };
		ABBA022226AFE8BF00C3F686 /* glad.c */ = {isa = PBXFileReference; fileEncoding = 4; lastKnownFileType = sourcecode.c.c; name = glad.c; path = ../../../../glad/src/glad.c; sourceTree = "<group>"; };
		ABBA022426AFE93000C3F686 /* stb_image.h */ = {isa = PBXFileReference; fileEncoding = 4; lastKnownFileType = sourcecode.c.h; path = stb_image.h; sourceTree = "<group>"; };
		ABBA022526AFE93000C3F686 /* Camera.cpp */ = {isa = PBXFileReference; fileEncoding = 4; lastKnownFileType = sourcecode.cpp.cpp; path = Camera.cpp; sourceTree = "<group>"; };
		ABBA022626AFE93000C3F686 /* Camera.hpp */ = {isa = PBXFileReference; fileEncoding = 4; lastKnownFileType = sourcecode.cpp.h; path = Camera.hpp; sourceTree = "<group>"; };
		ABBA022726AFE93000C3F686 /* Shader.h */ = {isa = PBXFileReference; fileEncoding = 4; lastKnownFileType = sourcecode.c.h; path = Shader.h; sourceTree = "<group>"; };
		ABBA022A26AFE93C00C3F686 /* LampVertexShader.cpp */ = {isa = PBXFileReference; lastKnownFileType = sourcecode.cpp.cpp; path = LampVertexShader.cpp; sourceTree = "<group>"; };
		ABBA022B26AFE93C00C3F686 /* LampFragmentShader.cpp */ = {isa = PBXFileReference; lastKnownFileType = sourcecode.cpp.cpp; path = LampFragmentShader.cpp; sourceTree = "<group>"; };
		ABBA022D26AFE93C00C3F686 /* LightVertexShader.cpp */ = {isa = PBXFileReference; lastKnownFileType = sourcecode.cpp.cpp; path = LightVertexShader.cpp; sourceTree = "<group>"; };
		ABBA022E26AFE93C00C3F686 /* LightFragmentShader.cpp */ = {isa = PBXFileReference; lastKnownFileType = sourcecode.cpp.cpp; path = LightFragmentShader.cpp; sourceTree = "<group>"; };
/* End PBXFileReference section */

/* Begin PBXFrameworksBuildPhase section */
		ABBA021026AFE7C500C3F686 /* Frameworks */ = {
			isa = PBXFrameworksBuildPhase;
			buildActionMask = 2147483647;
			files = (
				ABBA021F26AFE83600C3F686 /* libGLEW.dylib in Frameworks */,
				ABBA022126AFE83A00C3F686 /* libglfw.dylib in Frameworks */,
			);
			runOnlyForDeploymentPostprocessing = 0;
		};
/* End PBXFrameworksBuildPhase section */

/* Begin PBXGroup section */
		AB62241126AFEB5900767D53 /* SingleShader */ = {
			isa = PBXGroup;
			children = (
				AB62241326AFF3A500767D53 /* SingleVertexShader.cpp */,
				AB62241226AFEB5A00767D53 /* SingleFragmentShader.cpp */,
			);
			path = SingleShader;
			sourceTree = "<group>";
		};
		ABBA020A26AFE7C500C3F686 = {
			isa = PBXGroup;
			children = (
				ABBA021526AFE7C500C3F686 /* OpenGL_Test11_StencilTest */,
				ABBA021426AFE7C500C3F686 /* Products */,
				ABBA021D26AFE83600C3F686 /* Frameworks */,
			);
			sourceTree = "<group>";
		};
		ABBA021426AFE7C500C3F686 /* Products */ = {
			isa = PBXGroup;
			children = (
				ABBA021326AFE7C500C3F686 /* OpenGL_Test11_StencilTest */,
			);
			name = Products;
			sourceTree = "<group>";
		};
		ABBA021526AFE7C500C3F686 /* OpenGL_Test11_StencilTest */ = {
			isa = PBXGroup;
			children = (
				AB62241126AFEB5900767D53 /* SingleShader */,
				ABBA022926AFE93C00C3F686 /* LampShader */,
				ABBA022C26AFE93C00C3F686 /* LightShader */,
				ABBA022526AFE93000C3F686 /* Camera.cpp */,
				ABBA022626AFE93000C3F686 /* Camera.hpp */,
				ABBA022726AFE93000C3F686 /* Shader.h */,
				ABBA022426AFE93000C3F686 /* stb_image.h */,
				ABBA022226AFE8BF00C3F686 /* glad.c */,
				ABBA021626AFE7C500C3F686 /* main.cpp */,
			);
			path = OpenGL_Test11_StencilTest;
			sourceTree = "<group>";
		};
		ABBA021D26AFE83600C3F686 /* Frameworks */ = {
			isa = PBXGroup;
			children = (
				ABBA022026AFE83A00C3F686 /* libglfw.dylib */,
				ABBA021E26AFE83600C3F686 /* libGLEW.dylib */,
			);
			name = Frameworks;
			sourceTree = "<group>";
		};
		ABBA022926AFE93C00C3F686 /* LampShader */ = {
			isa = PBXGroup;
			children = (
				ABBA022A26AFE93C00C3F686 /* LampVertexShader.cpp */,
				ABBA022B26AFE93C00C3F686 /* LampFragmentShader.cpp */,
			);
			path = LampShader;
			sourceTree = "<group>";
		};
		ABBA022C26AFE93C00C3F686 /* LightShader */ = {
			isa = PBXGroup;
			children = (
				ABBA022D26AFE93C00C3F686 /* LightVertexShader.cpp */,
				ABBA022E26AFE93C00C3F686 /* LightFragmentShader.cpp */,
			);
			path = LightShader;
			sourceTree = "<group>";
		};
/* End PBXGroup section */

/* Begin PBXNativeTarget section */
		ABBA021226AFE7C500C3F686 /* OpenGL_Test11_StencilTest */ = {
			isa = PBXNativeTarget;
			buildConfigurationList = ABBA021A26AFE7C500C3F686 /* Build configuration list for PBXNativeTarget "OpenGL_Test11_StencilTest" */;
			buildPhases = (
				ABBA020F26AFE7C500C3F686 /* Sources */,
				ABBA021026AFE7C500C3F686 /* Frameworks */,
				ABBA021126AFE7C500C3F686 /* CopyFiles */,
			);
			buildRules = (
			);
			dependencies = (
			);
			name = OpenGL_Test11_StencilTest;
			productName = OpenGL_Test11_StencilTest;
			productReference = ABBA021326AFE7C500C3F686 /* OpenGL_Test11_StencilTest */;
			productType = "com.apple.product-type.tool";
		};
/* End PBXNativeTarget section */

/* Begin PBXProject section */
		ABBA020B26AFE7C500C3F686 /* Project object */ = {
			isa = PBXProject;
			attributes = {
				LastUpgradeCheck = 1250;
				TargetAttributes = {
					ABBA021226AFE7C500C3F686 = {
						CreatedOnToolsVersion = 12.5.1;
					};
				};
			};
			buildConfigurationList = ABBA020E26AFE7C500C3F686 /* Build configuration list for PBXProject "OpenGL_Test11_StencilTest" */;
			compatibilityVersion = "Xcode 9.3";
			developmentRegion = en;
			hasScannedForEncodings = 0;
			knownRegions = (
				en,
				Base,
			);
			mainGroup = ABBA020A26AFE7C500C3F686;
			productRefGroup = ABBA021426AFE7C500C3F686 /* Products */;
			projectDirPath = "";
			projectRoot = "";
			targets = (
				ABBA021226AFE7C500C3F686 /* OpenGL_Test11_StencilTest */,
			);
		};
/* End PBXProject section */

/* Begin PBXSourcesBuildPhase section */
		ABBA020F26AFE7C500C3F686 /* Sources */ = {
			isa = PBXSourcesBuildPhase;
			buildActionMask = 2147483647;
			files = (
				ABBA021726AFE7C500C3F686 /* main.cpp in Sources */,
				ABBA022826AFE93000C3F686 /* Camera.cpp in Sources */,
				ABBA022326AFE8BF00C3F686 /* glad.c in Sources */,
			);
			runOnlyForDeploymentPostprocessing = 0;
		};
/* End PBXSourcesBuildPhase section */

/* Begin XCBuildConfiguration section */
		ABBA021826AFE7C500C3F686 /* Debug */ = {
			isa = XCBuildConfiguration;
			buildSettings = {
				ALWAYS_SEARCH_USER_PATHS = NO;
				CLANG_ANALYZER_NONNULL = YES;
				CLANG_ANALYZER_NUMBER_OBJECT_CONVERSION = YES_AGGRESSIVE;
				CLANG_CXX_LANGUAGE_STANDARD = "gnu++14";
				CLANG_CXX_LIBRARY = "libc++";
				CLANG_ENABLE_MODULES = YES;
				CLANG_ENABLE_OBJC_ARC = YES;
				CLANG_ENABLE_OBJC_WEAK = YES;
				CLANG_WARN_BLOCK_CAPTURE_AUTORELEASING = YES;
				CLANG_WARN_BOOL_CONVERSION = YES;
				CLANG_WARN_COMMA = YES;
				CLANG_WARN_CONSTANT_CONVERSION = YES;
				CLANG_WARN_DEPRECATED_OBJC_IMPLEMENTATIONS = YES;
				CLANG_WARN_DIRECT_OBJC_ISA_USAGE = YES_ERROR;
				CLANG_WARN_DOCUMENTATION_COMMENTS = YES;
				CLANG_WARN_EMPTY_BODY = YES;
				CLANG_WARN_ENUM_CONVERSION = YES;
				CLANG_WARN_INFINITE_RECURSION = YES;
				CLANG_WARN_INT_CONVERSION = YES;
				CLANG_WARN_NON_LITERAL_NULL_CONVERSION = YES;
				CLANG_WARN_OBJC_IMPLICIT_RETAIN_SELF = YES;
				CLANG_WARN_OBJC_LITERAL_CONVERSION = YES;
				CLANG_WARN_OBJC_ROOT_CLASS = YES_ERROR;
				CLANG_WARN_QUOTED_INCLUDE_IN_FRAMEWORK_HEADER = YES;
				CLANG_WARN_RANGE_LOOP_ANALYSIS = YES;
				CLANG_WARN_STRICT_PROTOTYPES = YES;
				CLANG_WARN_SUSPICIOUS_MOVE = YES;
				CLANG_WARN_UNGUARDED_AVAILABILITY = YES_AGGRESSIVE;
				CLANG_WARN_UNREACHABLE_CODE = YES;
				CLANG_WARN__DUPLICATE_METHOD_MATCH = YES;
				COPY_PHASE_STRIP = NO;
				DEBUG_INFORMATION_FORMAT = dwarf;
				ENABLE_STRICT_OBJC_MSGSEND = YES;
				ENABLE_TESTABILITY = YES;
				GCC_C_LANGUAGE_STANDARD = gnu11;
				GCC_DYNAMIC_NO_PIC = NO;
				GCC_NO_COMMON_BLOCKS = YES;
				GCC_OPTIMIZATION_LEVEL = 0;
				GCC_PREPROCESSOR_DEFINITIONS = (
					"DEBUG=1",
					"$(inherited)",
				);
				GCC_WARN_64_TO_32_BIT_CONVERSION = YES;
				GCC_WARN_ABOUT_RETURN_TYPE = YES_ERROR;
				GCC_WARN_UNDECLARED_SELECTOR = YES;
				GCC_WARN_UNINITIALIZED_AUTOS = YES_AGGRESSIVE;
				GCC_WARN_UNUSED_FUNCTION = YES;
				GCC_WARN_UNUSED_VARIABLE = YES;
				MACOSX_DEPLOYMENT_TARGET = 11.3;
				MTL_ENABLE_DEBUG_INFO = INCLUDE_SOURCE;
				MTL_FAST_MATH = YES;
				ONLY_ACTIVE_ARCH = YES;
				SDKROOT = macosx;
			};
			name = Debug;
		};
		ABBA021926AFE7C500C3F686 /* Release */ = {
			isa = XCBuildConfiguration;
			buildSettings = {
				ALWAYS_SEARCH_USER_PATHS = NO;
				CLANG_ANALYZER_NONNULL = YES;
				CLANG_ANALYZER_NUMBER_OBJECT_CONVERSION = YES_AGGRESSIVE;
				CLANG_CXX_LANGUAGE_STANDARD = "gnu++14";
				CLANG_CXX_LIBRARY = "libc++";
				CLANG_ENABLE_MODULES = YES;
				CLANG_ENABLE_OBJC_ARC = YES;
				CLANG_ENABLE_OBJC_WEAK = YES;
				CLANG_WARN_BLOCK_CAPTURE_AUTORELEASING = YES;
				CLANG_WARN_BOOL_CONVERSION = YES;
				CLANG_WARN_COMMA = YES;
				CLANG_WARN_CONSTANT_CONVERSION = YES;
				CLANG_WARN_DEPRECATED_OBJC_IMPLEMENTATIONS = YES;
				CLANG_WARN_DIRECT_OBJC_ISA_USAGE = YES_ERROR;
				CLANG_WARN_DOCUMENTATION_COMMENTS = YES;
				CLANG_WARN_EMPTY_BODY = YES;
				CLANG_WARN_ENUM_CONVERSION = YES;
				CLANG_WARN_INFINITE_RECURSION = YES;
				CLANG_WARN_INT_CONVERSION = YES;
				CLANG_WARN_NON_LITERAL_NULL_CONVERSION = YES;
				CLANG_WARN_OBJC_IMPLICIT_RETAIN_SELF = YES;
				CLANG_WARN_OBJC_LITERAL_CONVERSION = YES;
				CLANG_WARN_OBJC_ROOT_CLASS = YES_ERROR;
				CLANG_WARN_QUOTED_INCLUDE_IN_FRAMEWORK_HEADER = YES;
				CLANG_WARN_RANGE_LOOP_ANALYSIS = YES;
				CLANG_WARN_STRICT_PROTOTYPES = YES;
				CLANG_WARN_SUSPICIOUS_MOVE = YES;
				CLANG_WARN_UNGUARDED_AVAILABILITY = YES_AGGRESSIVE;
				CLANG_WARN_UNREACHABLE_CODE = YES;
				CLANG_WARN__DUPLICATE_METHOD_MATCH = YES;
				COPY_PHASE_STRIP = NO;
				DEBUG_INFORMATION_FORMAT = "dwarf-with-dsym";
				ENABLE_NS_ASSERTIONS = NO;
				ENABLE_STRICT_OBJC_MSGSEND = YES;
				GCC_C_LANGUAGE_STANDARD = gnu11;
				GCC_NO_COMMON_BLOCKS = YES;
				GCC_WARN_64_TO_32_BIT_CONVERSION = YES;
				GCC_WARN_ABOUT_RETURN_TYPE = YES_ERROR;
				GCC_WARN_UNDECLARED_SELECTOR = YES;
				GCC_WARN_UNINITIALIZED_AUTOS = YES_AGGRESSIVE;
				GCC_WARN_UNUSED_FUNCTION = YES;
				GCC_WARN_UNUSED_VARIABLE = YES;
				MACOSX_DEPLOYMENT_TARGET = 11.3;
				MTL_ENABLE_DEBUG_INFO = NO;
				MTL_FAST_MATH = YES;
				SDKROOT = macosx;
			};
			name = Release;
		};
		ABBA021B26AFE7C500C3F686 /* Debug */ = {
			isa = XCBuildConfiguration;
			buildSettings = {
				CODE_SIGN_STYLE = Automatic;
				HEADER_SEARCH_PATHS = (
					"\"$(SRCROOT)/../../../glad/include\"",
					"\"$(SRCROOT)/../../../glew/2.2.0_1/include\"",
					"\"$(SRCROOT)/../../../glfw/3.3.4/include\"",
					"\"$(SRCROOT)/../../../glm/0.9.9.8/include\"",
				);
				LIBRARY_SEARCH_PATHS = (
					"\"$(SRCROOT)/../../../glfw/3.3.4/lib\"",
					"\"$(SRCROOT)/../../../glew/2.2.0_1/lib\"",
				);
				PRODUCT_NAME = "$(TARGET_NAME)";
			};
			name = Debug;
		};
		ABBA021C26AFE7C500C3F686 /* Release */ = {
			isa = XCBuildConfiguration;
			buildSettings = {
				CODE_SIGN_STYLE = Automatic;
				HEADER_SEARCH_PATHS = (
					"\"$(SRCROOT)/../../../glad/include\"",
					"\"$(SRCROOT)/../../../glew/2.2.0_1/include\"",
					"\"$(SRCROOT)/../../../glfw/3.3.4/include\"",
					"\"$(SRCROOT)/../../../glm/0.9.9.8/include\"",
				);
				LIBRARY_SEARCH_PATHS = (
					"\"$(SRCROOT)/../../../glfw/3.3.4/lib\"",
					"\"$(SRCROOT)/../../../glew/2.2.0_1/lib\"",
				);
				PRODUCT_NAME = "$(TARGET_NAME)";
			};
			name = Release;
		};
/* End XCBuildConfiguration section */

/* Begin XCConfigurationList section */
		ABBA020E26AFE7C500C3F686 /* Build configuration list for PBXProject "OpenGL_Test11_StencilTest" */ = {
			isa = XCConfigurationList;
			buildConfigurations = (
				ABBA021826AFE7C500C3F686 /* Debug */,
				ABBA021926AFE7C500C3F686 /* Release */,
			);
			defaultConfigurationIsVisible = 0;
			defaultConfigurationName = Release;
		};
		ABBA021A26AFE7C500C3F686 /* Build configuration list for PBXNativeTarget "OpenGL_Test11_StencilTest" */ = {
			isa = XCConfigurationList;
			buildConfigurations = (
				ABBA021B26AFE7C500C3F686 /* Debug */,
				ABBA021C26AFE7C500C3F686 /* Release */,
			);
			defaultConfigurationIsVisible = 0;
			defaultConfigurationName = Release;
		};
/* End XCConfigurationList section */
	};
	rootObject = ABBA020B26AFE7C500C3F686 /* Project object */;
}
